{
  "name": "js",
  "lockfileVersion": 3,
  "requires": true,
  "packages": {
    "": {
      "devDependencies": {
        "@types/phoenix": "^1.6.0",
        "@types/phoenix_live_view": "^0.18.0"
      }
    },
    "node_modules/@types/phoenix": {
      "version": "1.6.0",
      "resolved": "https://registry.npmjs.org/@types/phoenix/-/phoenix-1.6.0.tgz",
      "integrity": "sha512-qwfpsHmFuhAS/dVd4uBIraMxRd56vwBUYQGZ6GpXnFuM2XMRFJbIyruFKKlW2daQliuYZwe0qfn/UjFCDKic5g==",
      "dev": true
    },
    "node_modules/@types/phoenix_live_view": {
      "version": "0.18.0",
      "resolved": "https://registry.npmjs.org/@types/phoenix_live_view/-/phoenix_live_view-0.18.0.tgz",
      "integrity": "sha512-7Xa2SK4GEXXhxhj2CL9DAO7eQ1nAukLgFLjQGcd5WZih6fWdLvAHGwiJ2McJXIWQnZO2ZWn59UZneRxTyoUAIg==",
      "dev": true,
      "dependencies": {
        "@types/phoenix": "*"
      }
    }
  }
}
